<?xml version="1.0" encoding="utf-8"?>
<Project ToolsVersion="4.0" xmlns="http://schemas.microsoft.com/developer/msbuild/2003">
  <ItemGroup>
    <ClCompile Include="..\src\Assets.cpp" />
    <ClCompile Include="..\src\Entity.cpp" />
    <ClCompile Include="..\src\EntityManager.cpp" />
    <ClCompile Include="..\src\GameEngine.cpp" />
    <ClCompile Include="..\src\main.cpp" />
    <ClCompile Include="..\src\Vec2.cpp" />
    <ClCompile Include="..\src\Scene.cpp" />
    <ClCompile Include="..\src\Scene_Menu.cpp" />
    <ClCompile Include="..\src\Action.cpp" />
    <ClCompile Include="..\src\Animation.cpp">
      <Filter>TODO</Filter>
    </ClCompile>
    <ClCompile Include="..\src\Scene_Play.cpp">
      <Filter>TODO</Filter>
    </ClCompile>
    <ClCompile Include="..\src\Physics.cpp">
      <Filter>TODO</Filter>
    </ClCompile>
    <ClCompile Include="..\src\Scene_Editor.cpp" />
    <ClCompile Include="..\src\Scene_Overworld.cpp" />
  </ItemGroup>
  <ItemGroup>
    <ClInclude Include="..\src\Assets.h" />
    <ClInclude Include="..\src\Components.h" />
    <ClInclude Include="..\src\Entity.h" />
    <ClInclude Include="..\src\EntityManager.h" />
    <ClInclude Include="..\src\GameEngine.h" />
    <ClInclude Include="..\src\Physics.h" />
    <ClInclude Include="..\src\Vec2.h" />
    <ClInclude Include="..\src\Animation.h" />
    <ClInclude Include="..\src\Scene.h" />
    <ClInclude Include="..\src\Scene_Menu.h" />
    <ClInclude Include="..\src\Scene_Play.h" />
    <ClInclude Include="..\src\Action.h" />
    <ClInclude Include="..\src\Common.h" />
    <ClInclude Include="..\src\Scene_Editor.h" />
    <ClInclude Include="..\src\Scene_Overworld.h" />
  </ItemGroup>
  <ItemGroup>
    <Filter Include="TODO">
      <UniqueIdentifier>{002e99da-b2cd-471e-a4f4-b803bcae3f0a}</UniqueIdentifier>
    </Filter>
  </ItemGroup>
</Project>